
Microsoft Visual Studio Solution File, Format Version 12.00
# Visual Studio Version 17
VisualStudioVersion = 17.4.33122.133
MinimumVisualStudioVersion = 10.0.40219.1
Project("{8BC9CEB8-8B4A-11D0-8D11-00A0C91BC942}") = "OOP Project", "OOP Project.vcxproj", "{F71FDFC3-9CF3-4254-B5D1-88F36BD76A5B}"
EndProject
Global
	GlobalSection(SolutionConfigurationPlatforms) = preSolution
		Debug|x64 = Debug|x64
		Debug|x86 = Debug|x86
		Release|x64 = Release|x64
		Release|x86 = Release|x86
	EndGlobalSection
	GlobalSection(ProjectConfigurationPlatforms) = postSolution
		{F71FDFC3-9CF3-4254-B5D1-88F36BD76A5B}.Debug|x64.ActiveCfg = Debug|x64
		{F71FDFC3-9CF3-4254-B5D1-88F36BD76A5B}.Debug|x64.Build.0 = Debug|x64
		{F71FDFC3-9CF3-4254-B5D1-88F36BD76A5B}.Debug|x86.ActiveCfg = Debug|Win32
		{F71FDFC3-9CF3-4254-B5D1-88F36BD76A5B}.Debug|x86.Build.0 = Debug|Win32
		{F71FDFC3-9CF3-4254-B5D1-88F36BD76A5B}.Release|x64.ActiveCfg = Release|x64
		{F71FDFC3-9CF3-4254-B5D1-88F36BD76A5B}.Release|x64.Build.0 = Release|x64
		{F71FDFC3-9CF3-4254-B5D1-88F36BD76A5B}.Release|x86.ActiveCfg = Release|Win32
		{F71FDFC3-9CF3-4254-B5D1-88F36BD76A5B}.Release|x86.Build.0 = Release|Win32
	EndGlobalSection
	GlobalSection(SolutionProperties) = preSolution
		HideSolutionNode = FALSE
	EndGlobalSection
	GlobalSection(ExtensibilityGlobals) = postSolution
		SolutionGuid = {71BA3F89-61D5-4E60-BF32-E003EB72E883}
	EndGlobalSection
EndGlobal
